
Microsoft Visual Studio Solution File, Format Version 12.00
# Visual Studio 15
VisualStudioVersion = 15.0.26403.3
MinimumVisualStudioVersion = 10.0.40219.1
Project("{FAE04EC0-301F-11D3-BF4B-00C04F79EFBC}") = "Shop.Models", "Shop.Models\Shop.Models.csproj", "{625A9090-8678-49FA-92CC-77A99B110C65}"
EndProject
Project("{FAE04EC0-301F-11D3-BF4B-00C04F79EFBC}") = "Shop.Data", "Shop.Data\Shop.Data.csproj", "{38378988-F961-4650-868F-826298CD7488}"
EndProject
Project("{FAE04EC0-301F-11D3-BF4B-00C04F79EFBC}") = "ConsoleClient", "ConsoleClient\ConsoleClient.csproj", "{13315730-9C37-40F2-A1C7-6E25271D8B15}"
EndProject
Global
	GlobalSection(SolutionConfigurationPlatforms) = preSolution
		Debug|Any CPU = Debug|Any CPU
		Release|Any CPU = Release|Any CPU
	EndGlobalSection
	GlobalSection(ProjectConfigurationPlatforms) = postSolution
		{625A9090-8678-49FA-92CC-77A99B110C65}.Debug|Any CPU.ActiveCfg = Debug|Any CPU
		{625A9090-8678-49FA-92CC-77A99B110C65}.Debug|Any CPU.Build.0 = Debug|Any CPU
		{625A9090-8678-49FA-92CC-77A99B110C65}.Release|Any CPU.ActiveCfg = Release|Any CPU
		{625A9090-8678-49FA-92CC-77A99B110C65}.Release|Any CPU.Build.0 = Release|Any CPU
		{38378988-F961-4650-868F-826298CD7488}.Debug|Any CPU.ActiveCfg = Debug|Any CPU
		{38378988-F961-4650-868F-826298CD7488}.Debug|Any CPU.Build.0 = Debug|Any CPU
		{38378988-F961-4650-868F-826298CD7488}.Release|Any CPU.ActiveCfg = Release|Any CPU
		{38378988-F961-4650-868F-826298CD7488}.Release|Any CPU.Build.0 = Release|Any CPU
		{13315730-9C37-40F2-A1C7-6E25271D8B15}.Debug|Any CPU.ActiveCfg = Debug|Any CPU
		{13315730-9C37-40F2-A1C7-6E25271D8B15}.Debug|Any CPU.Build.0 = Debug|Any CPU
		{13315730-9C37-40F2-A1C7-6E25271D8B15}.Release|Any CPU.ActiveCfg = Release|Any CPU
		{13315730-9C37-40F2-A1C7-6E25271D8B15}.Release|Any CPU.Build.0 = Release|Any CPU
	EndGlobalSection
	GlobalSection(SolutionProperties) = preSolution
		HideSolutionNode = FALSE
	EndGlobalSection
EndGlobal
